// !$*UTF8*$!
{
	archiveVersion = 1;
	classes = {
	};
	objectVersion = 48;
	objects = {

/* Begin PBXBuildFile section */
		8DB0E450204FA73800DD8A63 /* AppDelegate.swift in Sources */ = {isa = PBXBuildFile; fileRef = 8DB0E44F204FA73800DD8A63 /* AppDelegate.swift */; };
		8DB0E452204FA73800DD8A63 /* ViewController.swift in Sources */ = {isa = PBXBuildFile; fileRef = 8DB0E451204FA73800DD8A63 /* ViewController.swift */; };
		8DB0E455204FA73800DD8A63 /* Main.storyboard in Resources */ = {isa = PBXBuildFile; fileRef = 8DB0E453204FA73800DD8A63 /* Main.storyboard */; };
		8DB0E457204FA73800DD8A63 /* Assets.xcassets in Resources */ = {isa = PBXBuildFile; fileRef = 8DB0E456204FA73800DD8A63 /* Assets.xcassets */; };
		8DB0E45A204FA73800DD8A63 /* LaunchScreen.storyboard in Resources */ = {isa = PBXBuildFile; fileRef = 8DB0E458204FA73800DD8A63 /* LaunchScreen.storyboard */; };
		8DB0E465204FA73900DD8A63 /* WebViewTests.swift in Sources */ = {isa = PBXBuildFile; fileRef = 8DB0E464204FA73900DD8A63 /* WebViewTests.swift */; };
		8DB0E470204FA73900DD8A63 /* WebViewUITests.swift in Sources */ = {isa = PBXBuildFile; fileRef = 8DB0E46F204FA73900DD8A63 /* WebViewUITests.swift */; };
/* End PBXBuildFile section */

/* Begin PBXContainerItemProxy section */
		8DB0E461204FA73900DD8A63 /* PBXContainerItemProxy */ = {
			isa = PBXContainerItemProxy;
			containerPortal = 8DB0E444204FA73800DD8A63 /* Project object */;
			proxyType = 1;
			remoteGlobalIDString = 8DB0E44B204FA73800DD8A63;
			remoteInfo = WebView;
		};
		8DB0E46C204FA73900DD8A63 /* PBXContainerItemProxy */ = {
			isa = PBXContainerItemProxy;
			containerPortal = 8DB0E444204FA73800DD8A63 /* Project object */;
			proxyType = 1;
			remoteGlobalIDString = 8DB0E44B204FA73800DD8A63;
			remoteInfo = WebView;
		};
/* End PBXContainerItemProxy section */

/* Begin PBXFileReference section */
		8DB0E44C204FA73800DD8A63 /* WebView.app */ = {isa = PBXFileReference; explicitFileType = wrapper.application; includeInIndex = 0; path = WebView.app; sourceTree = BUILT_PRODUCTS_DIR; };
		8DB0E44F204FA73800DD8A63 /* AppDelegate.swift */ = {isa = PBXFileReference; lastKnownFileType = sourcecode.swift; path = AppDelegate.swift; sourceTree = "<group>"; };
		8DB0E451204FA73800DD8A63 /* ViewController.swift */ = {isa = PBXFileReference; lastKnownFileType = sourcecode.swift; path = ViewController.swift; sourceTree = "<group>"; };
		8DB0E454204FA73800DD8A63 /* Base */ = {isa = PBXFileReference; lastKnownFileType = file.storyboard; name = Base; path = Base.lproj/Main.storyboard; sourceTree = "<group>"; };
		8DB0E456204FA73800DD8A63 /* Assets.xcassets */ = {isa = PBXFileReference; lastKnownFileType = folder.assetcatalog; path = Assets.xcassets; sourceTree = "<group>"; };
		8DB0E459204FA73800DD8A63 /* Base */ = {isa = PBXFileReference; lastKnownFileType = file.storyboard; name = Base; path = Base.lproj/LaunchScreen.storyboard; sourceTree = "<group>"; };
		8DB0E45B204FA73800DD8A63 /* Info.plist */ = {isa = PBXFileReference; lastKnownFileType = text.plist.xml; path = Info.plist; sourceTree = "<group>"; };
		8DB0E460204FA73900DD8A63 /* WebViewTests.xctest */ = {isa = PBXFileReference; explicitFileType = wrapper.cfbundle; includeInIndex = 0; path = WebViewTests.xctest; sourceTree = BUILT_PRODUCTS_DIR; };
		8DB0E464204FA73900DD8A63 /* WebViewTests.swift */ = {isa = PBXFileReference; lastKnownFileType = sourcecode.swift; path = WebViewTests.swift; sourceTree = "<group>"; };
		8DB0E466204FA73900DD8A63 /* Info.plist */ = {isa = PBXFileReference; lastKnownFileType = text.plist.xml; path = Info.plist; sourceTree = "<group>"; };
		8DB0E46B204FA73900DD8A63 /* WebViewUITests.xctest */ = {isa = PBXFileReference; explicitFileType = wrapper.cfbundle; includeInIndex = 0; path = WebViewUITests.xctest; sourceTree = BUILT_PRODUCTS_DIR; };
		8DB0E46F204FA73900DD8A63 /* WebViewUITests.swift */ = {isa = PBXFileReference; lastKnownFileType = sourcecode.swift; path = WebViewUITests.swift; sourceTree = "<group>"; };
		8DB0E471204FA73900DD8A63 /* Info.plist */ = {isa = PBXFileReference; lastKnownFileType = text.plist.xml; path = Info.plist; sourceTree = "<group>"; };
/* End PBXFileReference section */

/* Begin PBXFrameworksBuildPhase section */
		8DB0E449204FA73800DD8A63 /* Frameworks */ = {
			isa = PBXFrameworksBuildPhase;
			buildActionMask = 2147483647;
			files = (
			);
			runOnlyForDeploymentPostprocessing = 0;
		};
		8DB0E45D204FA73900DD8A63 /* Frameworks */ = {
			isa = PBXFrameworksBuildPhase;
			buildActionMask = 2147483647;
			files = (
			);
			runOnlyForDeploymentPostprocessing = 0;
		};
		8DB0E468204FA73900DD8A63 /* Frameworks */ = {
			isa = PBXFrameworksBuildPhase;
			buildActionMask = 2147483647;
			files = (
			);
			runOnlyForDeploymentPostprocessing = 0;
		};
/* End PBXFrameworksBuildPhase section */

/* Begin PBXGroup section */
		8DB0E443204FA73800DD8A63 = {
			isa = PBXGroup;
			children = (
				8DB0E44E204FA73800DD8A63 /* WebView */,
				8DB0E463204FA73900DD8A63 /* WebViewTests */,
				8DB0E46E204FA73900DD8A63 /* WebViewUITests */,
				8DB0E44D204FA73800DD8A63 /* Products */,
			);
			sourceTree = "<group>";
		};
		8DB0E44D204FA73800DD8A63 /* Products */ = {
			isa = PBXGroup;
			children = (
				8DB0E44C204FA73800DD8A63 /* WebView.app */,
				8DB0E460204FA73900DD8A63 /* WebViewTests.xctest */,
				8DB0E46B204FA73900DD8A63 /* WebViewUITests.xctest */,
			);
			name = Products;
			sourceTree = "<group>";
		};
		8DB0E44E204FA73800DD8A63 /* WebView */ = {
			isa = PBXGroup;
			children = (
				8DB0E44F204FA73800DD8A63 /* AppDelegate.swift */,
				8DB0E451204FA73800DD8A63 /* ViewController.swift */,
				8DB0E453204FA73800DD8A63 /* Main.storyboard */,
				8DB0E456204FA73800DD8A63 /* Assets.xcassets */,
				8DB0E458204FA73800DD8A63 /* LaunchScreen.storyboard */,
				8DB0E45B204FA73800DD8A63 /* Info.plist */,
			);
			path = WebView;
			sourceTree = "<group>";
		};
		8DB0E463204FA73900DD8A63 /* WebViewTests */ = {
			isa = PBXGroup;
			children = (
				8DB0E464204FA73900DD8A63 /* WebViewTests.swift */,
				8DB0E466204FA73900DD8A63 /* Info.plist */,
			);
			path = WebViewTests;
			sourceTree = "<group>";
		};
		8DB0E46E204FA73900DD8A63 /* WebViewUITests */ = {
			isa = PBXGroup;
			children = (
				8DB0E46F204FA73900DD8A63 /* WebViewUITests.swift */,
				8DB0E471204FA73900DD8A63 /* Info.plist */,
			);
			path = WebViewUITests;
			sourceTree = "<group>";
		};
/* End PBXGroup section */

/* Begin PBXNativeTarget section */
		8DB0E44B204FA73800DD8A63 /* WebView */ = {
			isa = PBXNativeTarget;
			buildConfigurationList = 8DB0E474204FA73900DD8A63 /* Build configuration list for PBXNativeTarget "WebView" */;
			buildPhases = (
				8DB0E448204FA73800DD8A63 /* Sources */,
				8DB0E449204FA73800DD8A63 /* Frameworks */,
				8DB0E44A204FA73800DD8A63 /* Resources */,
			);
			buildRules = (
			);
			dependencies = (
			);
			name = WebView;
			productName = WebView;
			productReference = 8DB0E44C204FA73800DD8A63 /* WebView.app */;
			productType = "com.apple.product-type.application";
		};
		8DB0E45F204FA73900DD8A63 /* WebViewTests */ = {
			isa = PBXNativeTarget;
			buildConfigurationList = 8DB0E477204FA73900DD8A63 /* Build configuration list for PBXNativeTarget "WebViewTests" */;
			buildPhases = (
				8DB0E45C204FA73900DD8A63 /* Sources */,
				8DB0E45D204FA73900DD8A63 /* Frameworks */,
				8DB0E45E204FA73900DD8A63 /* Resources */,
			);
			buildRules = (
			);
			dependencies = (
				8DB0E462204FA73900DD8A63 /* PBXTargetDependency */,
			);
			name = WebViewTests;
			productName = WebViewTests;
			productReference = 8DB0E460204FA73900DD8A63 /* WebViewTests.xctest */;
			productType = "com.apple.product-type.bundle.unit-test";
		};
		8DB0E46A204FA73900DD8A63 /* WebViewUITests */ = {
			isa = PBXNativeTarget;
			buildConfigurationList = 8DB0E47A204FA73900DD8A63 /* Build configuration list for PBXNativeTarget "WebViewUITests" */;
			buildPhases = (
				8DB0E467204FA73900DD8A63 /* Sources */,
				8DB0E468204FA73900DD8A63 /* Frameworks */,
				8DB0E469204FA73900DD8A63 /* Resources */,
			);
			buildRules = (
			);
			dependencies = (
				8DB0E46D204FA73900DD8A63 /* PBXTargetDependency */,
			);
			name = WebViewUITests;
			productName = WebViewUITests;
			productReference = 8DB0E46B204FA73900DD8A63 /* WebViewUITests.xctest */;
			productType = "com.apple.product-type.bundle.ui-testing";
		};
/* End PBXNativeTarget section */

/* Begin PBXProject section */
		8DB0E444204FA73800DD8A63 /* Project object */ = {
			isa = PBXProject;
			attributes = {
				LastSwiftUpdateCheck = 0920;
				LastUpgradeCheck = 0920;
				ORGANIZATIONNAME = Codemac;
				TargetAttributes = {
					8DB0E44B204FA73800DD8A63 = {
						CreatedOnToolsVersion = 9.2;
						ProvisioningStyle = Automatic;
					};
					8DB0E45F204FA73900DD8A63 = {
						CreatedOnToolsVersion = 9.2;
						ProvisioningStyle = Automatic;
						TestTargetID = 8DB0E44B204FA73800DD8A63;
					};
					8DB0E46A204FA73900DD8A63 = {
						CreatedOnToolsVersion = 9.2;
						ProvisioningStyle = Automatic;
						TestTargetID = 8DB0E44B204FA73800DD8A63;
					};
				};
			};
			buildConfigurationList = 8DB0E447204FA73800DD8A63 /* Build configuration list for PBXProject "WebView" */;
			compatibilityVersion = "Xcode 8.0";
			developmentRegion = en;
			hasScannedForEncodings = 0;
			knownRegions = (
				en,
				Base,
			);
			mainGroup = 8DB0E443204FA73800DD8A63;
			productRefGroup = 8DB0E44D204FA73800DD8A63 /* Products */;
			projectDirPath = "";
			projectRoot = "";
			targets = (
				8DB0E44B204FA73800DD8A63 /* WebView */,
				8DB0E45F204FA73900DD8A63 /* WebViewTests */,
				8DB0E46A204FA73900DD8A63 /* WebViewUITests */,
			);
		};
/* End PBXProject section */

/* Begin PBXResourcesBuildPhase section */
		8DB0E44A204FA73800DD8A63 /* Resources */ = {
			isa = PBXResourcesBuildPhase;
			buildActionMask = 2147483647;
			files = (
				8DB0E45A204FA73800DD8A63 /* LaunchScreen.storyboard in Resources */,
				8DB0E457204FA73800DD8A63 /* Assets.xcassets in Resources */,
				8DB0E455204FA73800DD8A63 /* Main.storyboard in Resources */,
			);
			runOnlyForDeploymentPostprocessing = 0;
		};
		8DB0E45E204FA73900DD8A63 /* Resources */ = {
			isa = PBXResourcesBuildPhase;
			buildActionMask = 2147483647;
			files = (
			);
			runOnlyForDeploymentPostprocessing = 0;
		};
		8DB0E469204FA73900DD8A63 /* Resources */ = {
			isa = PBXResourcesBuildPhase;
			buildActionMask = 2147483647;
			files = (
			);
			runOnlyForDeploymentPostprocessing = 0;
		};
/* End PBXResourcesBuildPhase section */

/* Begin PBXSourcesBuildPhase section */
		8DB0E448204FA73800DD8A63 /* Sources */ = {
			isa = PBXSourcesBuildPhase;
			buildActionMask = 2147483647;
			files = (
				8DB0E452204FA73800DD8A63 /* ViewController.swift in Sources */,
				8DB0E450204FA73800DD8A63 /* AppDelegate.swift in Sources */,
			);
			runOnlyForDeploymentPostprocessing = 0;
		};
		8DB0E45C204FA73900DD8A63 /* Sources */ = {
			isa = PBXSourcesBuildPhase;
			buildActionMask = 2147483647;
			files = (
				8DB0E465204FA73900DD8A63 /* WebViewTests.swift in Sources */,
			);
			runOnlyForDeploymentPostprocessing = 0;
		};
		8DB0E467204FA73900DD8A63 /* Sources */ = {
			isa = PBXSourcesBuildPhase;
			buildActionMask = 2147483647;
			files = (
				8DB0E470204FA73900DD8A63 /* WebViewUITests.swift in Sources */,
			);
			runOnlyForDeploymentPostprocessing = 0;
		};
/* End PBXSourcesBuildPhase section */

/* Begin PBXTargetDependency section */
		8DB0E462204FA73900DD8A63 /* PBXTargetDependency */ = {
			isa = PBXTargetDependency;
			target = 8DB0E44B204FA73800DD8A63 /* WebView */;
			targetProxy = 8DB0E461204FA73900DD8A63 /* PBXContainerItemProxy */;
		};
		8DB0E46D204FA73900DD8A63 /* PBXTargetDependency */ = {
			isa = PBXTargetDependency;
			target = 8DB0E44B204FA73800DD8A63 /* WebView */;
			targetProxy = 8DB0E46C204FA73900DD8A63 /* PBXContainerItemProxy */;
		};
/* End PBXTargetDependency section */

/* Begin PBXVariantGroup section */
		8DB0E453204FA73800DD8A63 /* Main.storyboard */ = {
			isa = PBXVariantGroup;
			children = (
				8DB0E454204FA73800DD8A63 /* Base */,
			);
			name = Main.storyboard;
			sourceTree = "<group>";
		};
		8DB0E458204FA73800DD8A63 /* LaunchScreen.storyboard */ = {
			isa = PBXVariantGroup;
			children = (
				8DB0E459204FA73800DD8A63 /* Base */,
			);
			name = LaunchScreen.storyboard;
			sourceTree = "<group>";
		};
/* End PBXVariantGroup section */

/* Begin XCBuildConfiguration section */
		8DB0E472204FA73900DD8A63 /* Debug */ = {
			isa = XCBuildConfiguration;
			buildSettings = {
				ALWAYS_SEARCH_USER_PATHS = NO;
				CLANG_ANALYZER_NONNULL = YES;
				CLANG_ANALYZER_NUMBER_OBJECT_CONVERSION = YES_AGGRESSIVE;
				CLANG_CXX_LANGUAGE_STANDARD = "gnu++14";
				CLANG_CXX_LIBRARY = "libc++";
				CLANG_ENABLE_MODULES = YES;
				CLANG_ENABLE_OBJC_ARC = YES;
				CLANG_WARN_BLOCK_CAPTURE_AUTORELEASING = YES;
				CLANG_WARN_BOOL_CONVERSION = YES;
				CLANG_WARN_COMMA = YES;
				CLANG_WARN_CONSTANT_CONVERSION = YES;
				CLANG_WARN_DIRECT_OBJC_ISA_USAGE = YES_ERROR;
				CLANG_WARN_DOCUMENTATION_COMMENTS = YES;
				CLANG_WARN_EMPTY_BODY = YES;
				CLANG_WARN_ENUM_CONVERSION = YES;
				CLANG_WARN_INFINITE_RECURSION = YES;
				CLANG_WARN_INT_CONVERSION = YES;
				CLANG_WARN_NON_LITERAL_NULL_CONVERSION = YES;
				CLANG_WARN_OBJC_LITERAL_CONVERSION = YES;
				CLANG_WARN_OBJC_ROOT_CLASS = YES_ERROR;
				CLANG_WARN_RANGE_LOOP_ANALYSIS = YES;
				CLANG_WARN_STRICT_PROTOTYPES = YES;
				CLANG_WARN_SUSPICIOUS_MOVE = YES;
				CLANG_WARN_UNGUARDED_AVAILABILITY = YES_AGGRESSIVE;
				CLANG_WARN_UNREACHABLE_CODE = YES;
				CLANG_WARN__DUPLICATE_METHOD_MATCH = YES;
				CODE_SIGN_IDENTITY = "iPhone Developer";
				COPY_PHASE_STRIP = NO;
				DEBUG_INFORMATION_FORMAT = dwarf;
				ENABLE_STRICT_OBJC_MSGSEND = YES;
				ENABLE_TESTABILITY = YES;
				GCC_C_LANGUAGE_STANDARD = gnu11;
				GCC_DYNAMIC_NO_PIC = NO;
				GCC_NO_COMMON_BLOCKS = YES;
				GCC_OPTIMIZATION_LEVEL = 0;
				GCC_PREPROCESSOR_DEFINITIONS = (
					"DEBUG=1",
					"$(inherited)",
				);
				GCC_WARN_64_TO_32_BIT_CONVERSION = YES;
				GCC_WARN_ABOUT_RETURN_TYPE = YES_ERROR;
				GCC_WARN_UNDECLARED_SELECTOR = YES;
				GCC_WARN_UNINITIALIZED_AUTOS = YES_AGGRESSIVE;
				GCC_WARN_UNUSED_FUNCTION = YES;
				GCC_WARN_UNUSED_VARIABLE = YES;
				IPHONEOS_DEPLOYMENT_TARGET = 11.2;
				MTL_ENABLE_DEBUG_INFO = YES;
				ONLY_ACTIVE_ARCH = YES;
				SDKROOT = iphoneos;
				SWIFT_ACTIVE_COMPILATION_CONDITIONS = DEBUG;
				SWIFT_OPTIMIZATION_LEVEL = "-Onone";
			};
			name = Debug;
		};
		8DB0E473204FA73900DD8A63 /* Release */ = {
			isa = XCBuildConfiguration;
			buildSettings = {
				ALWAYS_SEARCH_USER_PATHS = NO;
				CLANG_ANALYZER_NONNULL = YES;
				CLANG_ANALYZER_NUMBER_OBJECT_CONVERSION = YES_AGGRESSIVE;
				CLANG_CXX_LANGUAGE_STANDARD = "gnu++14";
				CLANG_CXX_LIBRARY = "libc++";
				CLANG_ENABLE_MODULES = YES;
				CLANG_ENABLE_OBJC_ARC = YES;
				CLANG_WARN_BLOCK_CAPTURE_AUTORELEASING = YES;
				CLANG_WARN_BOOL_CONVERSION = YES;
				CLANG_WARN_COMMA = YES;
				CLANG_WARN_CONSTANT_CONVERSION = YES;
				CLANG_WARN_DIRECT_OBJC_ISA_USAGE = YES_ERROR;
				CLANG_WARN_DOCUMENTATION_COMMENTS = YES;
				CLANG_WARN_EMPTY_BODY = YES;
				CLANG_WARN_ENUM_CONVERSION = YES;
				CLANG_WARN_INFINITE_RECURSION = YES;
				CLANG_WARN_INT_CONVERSION = YES;
				CLANG_WARN_NON_LITERAL_NULL_CONVERSION = YES;
				CLANG_WARN_OBJC_LITERAL_CONVERSION = YES;
				CLANG_WARN_OBJC_ROOT_CLASS = YES_ERROR;
				CLANG_WARN_RANGE_LOOP_ANALYSIS = YES;
				CLANG_WARN_STRICT_PROTOTYPES = YES;
				CLANG_WARN_SUSPICIOUS_MOVE = YES;
				CLANG_WARN_UNGUARDED_AVAILABILITY = YES_AGGRESSIVE;
				CLANG_WARN_UNREACHABLE_CODE = YES;
				CLANG_WARN__DUPLICATE_METHOD_MATCH = YES;
				CODE_SIGN_IDENTITY = "iPhone Developer";
				COPY_PHASE_STRIP = NO;
				DEBUG_INFORMATION_FORMAT = "dwarf-with-dsym";
				ENABLE_NS_ASSERTIONS = NO;
				ENABLE_STRICT_OBJC_MSGSEND = YES;
				GCC_C_LANGUAGE_STANDARD = gnu11;
				GCC_NO_COMMON_BLOCKS = YES;
				GCC_WARN_64_TO_32_BIT_CONVERSION = YES;
				GCC_WARN_ABOUT_RETURN_TYPE = YES_ERROR;
				GCC_WARN_UNDECLARED_SELECTOR = YES;
				GCC_WARN_UNINITIALIZED_AUTOS = YES_AGGRESSIVE;
				GCC_WARN_UNUSED_FUNCTION = YES;
				GCC_WARN_UNUSED_VARIABLE = YES;
				IPHONEOS_DEPLOYMENT_TARGET = 11.2;
				MTL_ENABLE_DEBUG_INFO = NO;
				SDKROOT = iphoneos;
				SWIFT_OPTIMIZATION_LEVEL = "-Owholemodule";
				VALIDATE_PRODUCT = YES;
			};
			name = Release;
		};
		8DB0E475204FA73900DD8A63 /* Debug */ = {
			isa = XCBuildConfiguration;
			buildSettings = {
				ASSETCATALOG_COMPILER_APPICON_NAME = AppIcon;
				CODE_SIGN_STYLE = Automatic;
				DEVELOPMENT_TEAM = 65TN37L2QS;
				INFOPLIST_FILE = WebView/Info.plist;
				LD_RUNPATH_SEARCH_PATHS = "$(inherited) @executable_path/Frameworks";
				PRODUCT_BUNDLE_IDENTIFIER = Codemac.WebView;
				PRODUCT_NAME = "$(TARGET_NAME)";
				SWIFT_VERSION = 4.0;
				TARGETED_DEVICE_FAMILY = "1,2";
			};
			name = Debug;
		};
		8DB0E476204FA73900DD8A63 /* Release */ = {
			isa = XCBuildConfiguration;
			buildSettings = {
				ASSETCATALOG_COMPILER_APPICON_NAME = AppIcon;
				CODE_SIGN_STYLE = Automatic;
				DEVELOPMENT_TEAM = 65TN37L2QS;
				INFOPLIST_FILE = WebView/Info.plist;
				LD_RUNPATH_SEARCH_PATHS = "$(inherited) @executable_path/Frameworks";
				PRODUCT_BUNDLE_IDENTIFIER = Codemac.WebView;
				PRODUCT_NAME = "$(TARGET_NAME)";
				SWIFT_VERSION = 4.0;
				TARGETED_DEVICE_FAMILY = "1,2";
			};
			name = Release;
		};
		8DB0E478204FA73900DD8A63 /* Debug */ = {
			isa = XCBuildConfiguration;
			buildSettings = {
				ALWAYS_EMBED_SWIFT_STANDARD_LIBRARIES = YES;
				BUNDLE_LOADER = "$(TEST_HOST)";
				CODE_SIGN_STYLE = Automatic;
				DEVELOPMENT_TEAM = 65TN37L2QS;
				INFOPLIST_FILE = WebViewTests/Info.plist;
				LD_RUNPATH_SEARCH_PATHS = "$(inherited) @executable_path/Frameworks @loader_path/Frameworks";
				PRODUCT_BUNDLE_IDENTIFIER = Codemac.WebViewTests;
				PRODUCT_NAME = "$(TARGET_NAME)";
				SWIFT_VERSION = 4.0;
				TARGETED_DEVICE_FAMILY = "1,2";
				TEST_HOST = "$(BUILT_PRODUCTS_DIR)/WebView.app/WebView";
			};
			name = Debug;
		};
		8DB0E479204FA73900DD8A63 /* Release */ = {
			isa = XCBuildConfiguration;
			buildSettings = {
				ALWAYS_EMBED_SWIFT_STANDARD_LIBRARIES = YES;
				BUNDLE_LOADER = "$(TEST_HOST)";
				CODE_SIGN_STYLE = Automatic;
				DEVELOPMENT_TEAM = 65TN37L2QS;
				INFOPLIST_FILE = WebViewTests/Info.plist;
				LD_RUNPATH_SEARCH_PATHS = "$(inherited) @executable_path/Frameworks @loader_path/Frameworks";
				PRODUCT_BUNDLE_IDENTIFIER = Codemac.WebViewTests;
				PRODUCT_NAME = "$(TARGET_NAME)";
				SWIFT_VERSION = 4.0;
				TARGETED_DEVICE_FAMILY = "1,2";
				TEST_HOST = "$(BUILT_PRODUCTS_DIR)/WebView.app/WebView";
			};
			name = Release;
		};
		8DB0E47B204FA73900DD8A63 /* Debug */ = {
			isa = XCBuildConfiguration;
			buildSettings = {
				ALWAYS_EMBED_SWIFT_STANDARD_LIBRARIES = YES;
				CODE_SIGN_STYLE = Automatic;
				DEVELOPMENT_TEAM = 65TN37L2QS;
				INFOPLIST_FILE = WebViewUITests/Info.plist;
				LD_RUNPATH_SEARCH_PATHS = "$(inherited) @executable_path/Frameworks @loader_path/Frameworks";
				PRODUCT_BUNDLE_IDENTIFIER = Codemac.WebViewUITests;
				PRODUCT_NAME = "$(TARGET_NAME)";
				SWIFT_VERSION = 4.0;
				TARGETED_DEVICE_FAMILY = "1,2";
				TEST_TARGET_NAME = WebView;
			};
			name = Debug;
		};
		8DB0E47C204FA73900DD8A63 /* Release */ = {
			isa = XCBuildConfiguration;
			buildSettings = {
				ALWAYS_EMBED_SWIFT_STANDARD_LIBRARIES = YES;
				CODE_SIGN_STYLE = Automatic;
				DEVELOPMENT_TEAM = 65TN37L2QS;
				INFOPLIST_FILE = WebViewUITests/Info.plist;
				LD_RUNPATH_SEARCH_PATHS = "$(inherited) @executable_path/Frameworks @loader_path/Frameworks";
				PRODUCT_BUNDLE_IDENTIFIER = Codemac.WebViewUITests;
				PRODUCT_NAME = "$(TARGET_NAME)";
				SWIFT_VERSION = 4.0;
				TARGETED_DEVICE_FAMILY = "1,2";
				TEST_TARGET_NAME = WebView;
			};
			name = Release;
		};
/* End XCBuildConfiguration section */

/* Begin XCConfigurationList section */
		8DB0E447204FA73800DD8A63 /* Build configuration list for PBXProject "WebView" */ = {
			isa = XCConfigurationList;
			buildConfigurations = (
				8DB0E472204FA73900DD8A63 /* Debug */,
				8DB0E473204FA73900DD8A63 /* Release */,
			);
			defaultConfigurationIsVisible = 0;
			defaultConfigurationName = Release;
		};
		8DB0E474204FA73900DD8A63 /* Build configuration list for PBXNativeTarget "WebView" */ = {
			isa = XCConfigurationList;
			buildConfigurations = (
				8DB0E475204FA73900DD8A63 /* Debug */,
				8DB0E476204FA73900DD8A63 /* Release */,
			);
			defaultConfigurationIsVisible = 0;
			defaultConfigurationName = Release;
		};
		8DB0E477204FA73900DD8A63 /* Build configuration list for PBXNativeTarget "WebViewTests" */ = {
			isa = XCConfigurationList;
			buildConfigurations = (
				8DB0E478204FA73900DD8A63 /* Debug */,
				8DB0E479204FA73900DD8A63 /* Release */,
			);
			defaultConfigurationIsVisible = 0;
			defaultConfigurationName = Release;
		};
		8DB0E47A204FA73900DD8A63 /* Build configuration list for PBXNativeTarget "WebViewUITests" */ = {
			isa = XCConfigurationList;
			buildConfigurations = (
				8DB0E47B204FA73900DD8A63 /* Debug */,
				8DB0E47C204FA73900DD8A63 /* Release */,
			);
			defaultConfigurationIsVisible = 0;
			defaultConfigurationName = Release;
		};
/* End XCConfigurationList section */
	};
	rootObject = 8DB0E444204FA73800DD8A63 /* Project object */;
}
